
Microsoft Visual Studio Solution File, Format Version 12.00
# Visual Studio 14
VisualStudioVersion = 14.0.23107.0
MinimumVisualStudioVersion = 10.0.40219.1
Project("{FAE04EC0-301F-11D3-BF4B-00C04F79EFBC}") = "IsoPlugin", "IsoPlugin\IsoPlugin.csproj", "{7243FE86-34AF-42F5-B605-BBE0FA6B41F0}"
EndProject
Project("{FAE04EC0-301F-11D3-BF4B-00C04F79EFBC}") = "IsoPluginTest", "IsoPluginTest\IsoPluginTest.csproj", "{9073CE54-0AC2-46D0-B8FB-A8CAA49AE031}"
EndProject
Project("{FAE04EC0-301F-11D3-BF4B-00C04F79EFBC}") = "ApplicationDataModel", "..\ADAPT\source\ADAPT\ApplicationDataModel.csproj", "{AF77F596-0C06-4873-A094-6F3AB987B0A5}"
EndProject
Project("{FAE04EC0-301F-11D3-BF4B-00C04F79EFBC}") = "Representation", "..\ADAPT\source\Representation\Representation.csproj", "{00D0CB8E-2EDE-4766-B261-1EB0CB655F07}"
EndProject
Global
	GlobalSection(SolutionConfigurationPlatforms) = preSolution
		Debug|Any CPU = Debug|Any CPU
		Release|Any CPU = Release|Any CPU
	EndGlobalSection
	GlobalSection(ProjectConfigurationPlatforms) = postSolution
		{7243FE86-34AF-42F5-B605-BBE0FA6B41F0}.Debug|Any CPU.ActiveCfg = Debug|Any CPU
		{7243FE86-34AF-42F5-B605-BBE0FA6B41F0}.Debug|Any CPU.Build.0 = Debug|Any CPU
		{7243FE86-34AF-42F5-B605-BBE0FA6B41F0}.Release|Any CPU.ActiveCfg = Release|Any CPU
		{7243FE86-34AF-42F5-B605-BBE0FA6B41F0}.Release|Any CPU.Build.0 = Release|Any CPU
		{9073CE54-0AC2-46D0-B8FB-A8CAA49AE031}.Debug|Any CPU.ActiveCfg = Debug|Any CPU
		{9073CE54-0AC2-46D0-B8FB-A8CAA49AE031}.Debug|Any CPU.Build.0 = Debug|Any CPU
		{9073CE54-0AC2-46D0-B8FB-A8CAA49AE031}.Release|Any CPU.ActiveCfg = Release|Any CPU
		{9073CE54-0AC2-46D0-B8FB-A8CAA49AE031}.Release|Any CPU.Build.0 = Release|Any CPU
		{AF77F596-0C06-4873-A094-6F3AB987B0A5}.Debug|Any CPU.ActiveCfg = Debug|Any CPU
		{AF77F596-0C06-4873-A094-6F3AB987B0A5}.Debug|Any CPU.Build.0 = Debug|Any CPU
		{AF77F596-0C06-4873-A094-6F3AB987B0A5}.Release|Any CPU.ActiveCfg = Release|Any CPU
		{AF77F596-0C06-4873-A094-6F3AB987B0A5}.Release|Any CPU.Build.0 = Release|Any CPU
		{00D0CB8E-2EDE-4766-B261-1EB0CB655F07}.Debug|Any CPU.ActiveCfg = Debug|Any CPU
		{00D0CB8E-2EDE-4766-B261-1EB0CB655F07}.Debug|Any CPU.Build.0 = Debug|Any CPU
		{00D0CB8E-2EDE-4766-B261-1EB0CB655F07}.Release|Any CPU.ActiveCfg = Release|Any CPU
		{00D0CB8E-2EDE-4766-B261-1EB0CB655F07}.Release|Any CPU.Build.0 = Release|Any CPU
	EndGlobalSection
	GlobalSection(SolutionProperties) = preSolution
		HideSolutionNode = FALSE
	EndGlobalSection
EndGlobal
